
Microsoft Visual Studio Solution File, Format Version 12.00
# Visual Studio 15
VisualStudioVersion = 15.0.28010.2041
MinimumVisualStudioVersion = 10.0.40219.1
Project("{FAE04EC0-301F-11D3-BF4B-00C04F79EFBC}") = "MyShop.Core", "MyShop.Core\MyShop.Core.csproj", "{B6094603-6685-42C0-A0F8-D322755A7EAC}"
EndProject
Project("{FAE04EC0-301F-11D3-BF4B-00C04F79EFBC}") = "MyShop.Services", "MyShop.Services\MyShop.Services.csproj", "{FA0F05C7-BB3B-4941-B041-0AEE247E5C9A}"
EndProject
Project("{FAE04EC0-301F-11D3-BF4B-00C04F79EFBC}") = "MyShop.DataAccess.SQL", "MyShop.DataAccess.SQL\MyShop.DataAccess.SQL.csproj", "{47B98AAD-DAFB-4CCA-817F-7F3C90AA9EEF}"
EndProject
Project("{FAE04EC0-301F-11D3-BF4B-00C04F79EFBC}") = "MyShop.DataAccess.InMemory", "MyShop.DataAccess.InMemory\MyShop.DataAccess.InMemory.csproj", "{A62148B4-E96F-4B88-B923-3CFFD22A7DAF}"
EndProject
Project("{FAE04EC0-301F-11D3-BF4B-00C04F79EFBC}") = "MyShop.WebUI", "MyShop.WebUI\MyShop.WebUI.csproj", "{203836DD-26AF-492D-B58B-87A7C18B07A4}"
EndProject
Project("{FAE04EC0-301F-11D3-BF4B-00C04F79EFBC}") = "MyShop.WebUI.Tests", "MyShop.WebUI.Tests\MyShop.WebUI.Tests.csproj", "{FF2DA176-5A82-4A09-9D8E-AFB6900F9D44}"
EndProject
Global
	GlobalSection(SolutionConfigurationPlatforms) = preSolution
		Debug|Any CPU = Debug|Any CPU
		Release|Any CPU = Release|Any CPU
	EndGlobalSection
	GlobalSection(ProjectConfigurationPlatforms) = postSolution
		{B6094603-6685-42C0-A0F8-D322755A7EAC}.Debug|Any CPU.ActiveCfg = Debug|Any CPU
		{B6094603-6685-42C0-A0F8-D322755A7EAC}.Debug|Any CPU.Build.0 = Debug|Any CPU
		{B6094603-6685-42C0-A0F8-D322755A7EAC}.Release|Any CPU.ActiveCfg = Release|Any CPU
		{B6094603-6685-42C0-A0F8-D322755A7EAC}.Release|Any CPU.Build.0 = Release|Any CPU
		{FA0F05C7-BB3B-4941-B041-0AEE247E5C9A}.Debug|Any CPU.ActiveCfg = Debug|Any CPU
		{FA0F05C7-BB3B-4941-B041-0AEE247E5C9A}.Debug|Any CPU.Build.0 = Debug|Any CPU
		{FA0F05C7-BB3B-4941-B041-0AEE247E5C9A}.Release|Any CPU.ActiveCfg = Release|Any CPU
		{FA0F05C7-BB3B-4941-B041-0AEE247E5C9A}.Release|Any CPU.Build.0 = Release|Any CPU
		{47B98AAD-DAFB-4CCA-817F-7F3C90AA9EEF}.Debug|Any CPU.ActiveCfg = Debug|Any CPU
		{47B98AAD-DAFB-4CCA-817F-7F3C90AA9EEF}.Debug|Any CPU.Build.0 = Debug|Any CPU
		{47B98AAD-DAFB-4CCA-817F-7F3C90AA9EEF}.Release|Any CPU.ActiveCfg = Release|Any CPU
		{47B98AAD-DAFB-4CCA-817F-7F3C90AA9EEF}.Release|Any CPU.Build.0 = Release|Any CPU
		{A62148B4-E96F-4B88-B923-3CFFD22A7DAF}.Debug|Any CPU.ActiveCfg = Debug|Any CPU
		{A62148B4-E96F-4B88-B923-3CFFD22A7DAF}.Debug|Any CPU.Build.0 = Debug|Any CPU
		{A62148B4-E96F-4B88-B923-3CFFD22A7DAF}.Release|Any CPU.ActiveCfg = Release|Any CPU
		{A62148B4-E96F-4B88-B923-3CFFD22A7DAF}.Release|Any CPU.Build.0 = Release|Any CPU
		{203836DD-26AF-492D-B58B-87A7C18B07A4}.Debug|Any CPU.ActiveCfg = Debug|Any CPU
		{203836DD-26AF-492D-B58B-87A7C18B07A4}.Debug|Any CPU.Build.0 = Debug|Any CPU
		{203836DD-26AF-492D-B58B-87A7C18B07A4}.Release|Any CPU.ActiveCfg = Release|Any CPU
		{203836DD-26AF-492D-B58B-87A7C18B07A4}.Release|Any CPU.Build.0 = Release|Any CPU
		{FF2DA176-5A82-4A09-9D8E-AFB6900F9D44}.Debug|Any CPU.ActiveCfg = Debug|Any CPU
		{FF2DA176-5A82-4A09-9D8E-AFB6900F9D44}.Debug|Any CPU.Build.0 = Debug|Any CPU
		{FF2DA176-5A82-4A09-9D8E-AFB6900F9D44}.Release|Any CPU.ActiveCfg = Release|Any CPU
		{FF2DA176-5A82-4A09-9D8E-AFB6900F9D44}.Release|Any CPU.Build.0 = Release|Any CPU
	EndGlobalSection
	GlobalSection(SolutionProperties) = preSolution
		HideSolutionNode = FALSE
	EndGlobalSection
	GlobalSection(ExtensibilityGlobals) = postSolution
		SolutionGuid = {86E831D8-DB08-4770-97B7-7F437D49B71F}
	EndGlobalSection
EndGlobal
